
Microsoft Visual Studio Solution File, Format Version 12.00
# Visual Studio Version 17
VisualStudioVersion = 17.3.32922.545
MinimumVisualStudioVersion = 10.0.40219.1
Project("{9A19103F-16F7-4668-BE54-9A1E7A4F7556}") = "BookStore", "BookStore.csproj", "{60FD6C7B-1B53-41B8-A420-988D26128925}"
EndProject
Project("{9A19103F-16F7-4668-BE54-9A1E7A4F7556}") = "BookStore.BL", "..\BookStore.BL\BookStore.BL.csproj", "{66157DD0-9EF6-4CC3-88FC-232D30A0A0A1}"
EndProject
Project("{9A19103F-16F7-4668-BE54-9A1E7A4F7556}") = "BookStore.DL", "..\BookStore.DL\BookStore.DL.csproj", "{A1B03312-7406-485E-B997-B2A70F0299B9}"
EndProject
Project("{9A19103F-16F7-4668-BE54-9A1E7A4F7556}") = "BookStore.Models", "..\BookStore.Models\BookStore.Models.csproj", "{8BEDE26B-8B4B-4E6D-84FB-B3DE5999C1ED}"
EndProject
Project("{FAE04EC0-301F-11D3-BF4B-00C04F79EFBC}") = "BookStore.Tests", "..\BookStore.Tests\BookStore.Tests.csproj", "{CFBF167D-A9A8-45ED-BB1E-010CA9C8BB11}"
EndProject
Global
	GlobalSection(SolutionConfigurationPlatforms) = preSolution
		Debug|Any CPU = Debug|Any CPU
		Release|Any CPU = Release|Any CPU
	EndGlobalSection
	GlobalSection(ProjectConfigurationPlatforms) = postSolution
		{60FD6C7B-1B53-41B8-A420-988D26128925}.Debug|Any CPU.ActiveCfg = Debug|Any CPU
		{60FD6C7B-1B53-41B8-A420-988D26128925}.Debug|Any CPU.Build.0 = Debug|Any CPU
		{60FD6C7B-1B53-41B8-A420-988D26128925}.Release|Any CPU.ActiveCfg = Release|Any CPU
		{60FD6C7B-1B53-41B8-A420-988D26128925}.Release|Any CPU.Build.0 = Release|Any CPU
		{66157DD0-9EF6-4CC3-88FC-232D30A0A0A1}.Debug|Any CPU.ActiveCfg = Debug|Any CPU
		{66157DD0-9EF6-4CC3-88FC-232D30A0A0A1}.Debug|Any CPU.Build.0 = Debug|Any CPU
		{66157DD0-9EF6-4CC3-88FC-232D30A0A0A1}.Release|Any CPU.ActiveCfg = Release|Any CPU
		{66157DD0-9EF6-4CC3-88FC-232D30A0A0A1}.Release|Any CPU.Build.0 = Release|Any CPU
		{A1B03312-7406-485E-B997-B2A70F0299B9}.Debug|Any CPU.ActiveCfg = Debug|Any CPU
		{A1B03312-7406-485E-B997-B2A70F0299B9}.Debug|Any CPU.Build.0 = Debug|Any CPU
		{A1B03312-7406-485E-B997-B2A70F0299B9}.Release|Any CPU.ActiveCfg = Release|Any CPU
		{A1B03312-7406-485E-B997-B2A70F0299B9}.Release|Any CPU.Build.0 = Release|Any CPU
		{8BEDE26B-8B4B-4E6D-84FB-B3DE5999C1ED}.Debug|Any CPU.ActiveCfg = Debug|Any CPU
		{8BEDE26B-8B4B-4E6D-84FB-B3DE5999C1ED}.Debug|Any CPU.Build.0 = Debug|Any CPU
		{8BEDE26B-8B4B-4E6D-84FB-B3DE5999C1ED}.Release|Any CPU.ActiveCfg = Release|Any CPU
		{8BEDE26B-8B4B-4E6D-84FB-B3DE5999C1ED}.Release|Any CPU.Build.0 = Release|Any CPU
		{CFBF167D-A9A8-45ED-BB1E-010CA9C8BB11}.Debug|Any CPU.ActiveCfg = Debug|Any CPU
		{CFBF167D-A9A8-45ED-BB1E-010CA9C8BB11}.Debug|Any CPU.Build.0 = Debug|Any CPU
		{CFBF167D-A9A8-45ED-BB1E-010CA9C8BB11}.Release|Any CPU.ActiveCfg = Release|Any CPU
		{CFBF167D-A9A8-45ED-BB1E-010CA9C8BB11}.Release|Any CPU.Build.0 = Release|Any CPU
	EndGlobalSection
	GlobalSection(SolutionProperties) = preSolution
		HideSolutionNode = FALSE
	EndGlobalSection
	GlobalSection(ExtensibilityGlobals) = postSolution
		SolutionGuid = {F4482999-041E-4CC5-9F27-A9156BAA1095}
	EndGlobalSection
EndGlobal
